// !$*UTF8*$!
{
	archiveVersion = 1;
	classes = {
	};
	objectVersion = 56;
	objects = {

/* Begin PBXBuildFile section */
		C3479E51766114FA32197C09 /* Pods_iTunes_Search_Application_UIKit.framework in Frameworks */ = {isa = PBXBuildFile; fileRef = B8428213D35DE062E94A5DBE /* Pods_iTunes_Search_Application_UIKit.framework */; };
		EE85E9A429C1FE2D004D309B /* AlbumCell.swift in Sources */ = {isa = PBXBuildFile; fileRef = EE85E9A329C1FE2D004D309B /* AlbumCell.swift */; };
		EE85E9A629C204D4004D309B /* ArtistCell.swift in Sources */ = {isa = PBXBuildFile; fileRef = EE85E9A529C204D4004D309B /* ArtistCell.swift */; };
		EEB4E59F29C06A63007E3A62 /* AppDelegate.swift in Sources */ = {isa = PBXBuildFile; fileRef = EEB4E59E29C06A63007E3A62 /* AppDelegate.swift */; };
		EEB4E5A129C06A63007E3A62 /* SceneDelegate.swift in Sources */ = {isa = PBXBuildFile; fileRef = EEB4E5A029C06A63007E3A62 /* SceneDelegate.swift */; };
		EEB4E5A329C06A63007E3A62 /* SearchViewController.swift in Sources */ = {isa = PBXBuildFile; fileRef = EEB4E5A229C06A63007E3A62 /* SearchViewController.swift */; };
		EEB4E5A829C06A64007E3A62 /* Assets.xcassets in Resources */ = {isa = PBXBuildFile; fileRef = EEB4E5A729C06A64007E3A62 /* Assets.xcassets */; };
		EEB4E5AB29C06A64007E3A62 /* LaunchScreen.storyboard in Resources */ = {isa = PBXBuildFile; fileRef = EEB4E5A929C06A64007E3A62 /* LaunchScreen.storyboard */; };
		EEB4E5D829C16F9A007E3A62 /* SongListViewModel.swift in Sources */ = {isa = PBXBuildFile; fileRef = EEB4E5D729C16F9A007E3A62 /* SongListViewModel.swift */; };
		EEB4E5DB29C16FC3007E3A62 /* AlbumListViewModel.swift in Sources */ = {isa = PBXBuildFile; fileRef = EEB4E5DA29C16FC3007E3A62 /* AlbumListViewModel.swift */; };
		EEB4E5DD29C16FCE007E3A62 /* ArtistListViewModel.swift in Sources */ = {isa = PBXBuildFile; fileRef = EEB4E5DC29C16FCE007E3A62 /* ArtistListViewModel.swift */; };
		EEB4E5E029C195A9007E3A62 /* Song.swift in Sources */ = {isa = PBXBuildFile; fileRef = EEB4E5DF29C195A9007E3A62 /* Song.swift */; };
		EEB4E5E229C195DC007E3A62 /* Album.swift in Sources */ = {isa = PBXBuildFile; fileRef = EEB4E5E129C195DC007E3A62 /* Album.swift */; };
		EEB4E5E429C195F9007E3A62 /* Artist.swift in Sources */ = {isa = PBXBuildFile; fileRef = EEB4E5E329C195F9007E3A62 /* Artist.swift */; };
		EEB4E5E629C19692007E3A62 /* ArtistLookup.swift in Sources */ = {isa = PBXBuildFile; fileRef = EEB4E5E529C19692007E3A62 /* ArtistLookup.swift */; };
		EEB4E5E829C196B1007E3A62 /* AlbumLookup.swift in Sources */ = {isa = PBXBuildFile; fileRef = EEB4E5E729C196B1007E3A62 /* AlbumLookup.swift */; };
		EEB4E5EB29C1BBA0007E3A62 /* SongCell.swift in Sources */ = {isa = PBXBuildFile; fileRef = EEB4E5EA29C1BBA0007E3A62 /* SongCell.swift */; };
/* End PBXBuildFile section */

/* Begin PBXFileReference section */
		0EFBEE7708B739020BCB8135 /* Pods-iTunes_Search_Application_UIKit.debug.xcconfig */ = {isa = PBXFileReference; includeInIndex = 1; lastKnownFileType = text.xcconfig; name = "Pods-iTunes_Search_Application_UIKit.debug.xcconfig"; path = "Target Support Files/Pods-iTunes_Search_Application_UIKit/Pods-iTunes_Search_Application_UIKit.debug.xcconfig"; sourceTree = "<group>"; };
		21F3CE0ABC88AD2DD66DAB6D /* Pods-iTunes_Search_Application_UIKit.release.xcconfig */ = {isa = PBXFileReference; includeInIndex = 1; lastKnownFileType = text.xcconfig; name = "Pods-iTunes_Search_Application_UIKit.release.xcconfig"; path = "Target Support Files/Pods-iTunes_Search_Application_UIKit/Pods-iTunes_Search_Application_UIKit.release.xcconfig"; sourceTree = "<group>"; };
		B8428213D35DE062E94A5DBE /* Pods_iTunes_Search_Application_UIKit.framework */ = {isa = PBXFileReference; explicitFileType = wrapper.framework; includeInIndex = 0; path = Pods_iTunes_Search_Application_UIKit.framework; sourceTree = BUILT_PRODUCTS_DIR; };
		EE85E9A329C1FE2D004D309B /* AlbumCell.swift */ = {isa = PBXFileReference; lastKnownFileType = sourcecode.swift; path = AlbumCell.swift; sourceTree = "<group>"; };
		EE85E9A529C204D4004D309B /* ArtistCell.swift */ = {isa = PBXFileReference; lastKnownFileType = sourcecode.swift; path = ArtistCell.swift; sourceTree = "<group>"; };
		EEB4E59B29C06A63007E3A62 /* iTunes_Search_Application_UIKit.app */ = {isa = PBXFileReference; explicitFileType = wrapper.application; includeInIndex = 0; path = iTunes_Search_Application_UIKit.app; sourceTree = BUILT_PRODUCTS_DIR; };
		EEB4E59E29C06A63007E3A62 /* AppDelegate.swift */ = {isa = PBXFileReference; lastKnownFileType = sourcecode.swift; path = AppDelegate.swift; sourceTree = "<group>"; };
		EEB4E5A029C06A63007E3A62 /* SceneDelegate.swift */ = {isa = PBXFileReference; lastKnownFileType = sourcecode.swift; path = SceneDelegate.swift; sourceTree = "<group>"; };
		EEB4E5A229C06A63007E3A62 /* SearchViewController.swift */ = {isa = PBXFileReference; lastKnownFileType = sourcecode.swift; path = SearchViewController.swift; sourceTree = "<group>"; };
		EEB4E5A729C06A64007E3A62 /* Assets.xcassets */ = {isa = PBXFileReference; lastKnownFileType = folder.assetcatalog; path = Assets.xcassets; sourceTree = "<group>"; };
		EEB4E5AA29C06A64007E3A62 /* Base */ = {isa = PBXFileReference; lastKnownFileType = file.storyboard; name = Base; path = Base.lproj/LaunchScreen.storyboard; sourceTree = "<group>"; };
		EEB4E5AC29C06A64007E3A62 /* Info.plist */ = {isa = PBXFileReference; lastKnownFileType = text.plist.xml; path = Info.plist; sourceTree = "<group>"; };
		EEB4E5D729C16F9A007E3A62 /* SongListViewModel.swift */ = {isa = PBXFileReference; lastKnownFileType = sourcecode.swift; path = SongListViewModel.swift; sourceTree = "<group>"; };
		EEB4E5DA29C16FC3007E3A62 /* AlbumListViewModel.swift */ = {isa = PBXFileReference; lastKnownFileType = sourcecode.swift; path = AlbumListViewModel.swift; sourceTree = "<group>"; };
		EEB4E5DC29C16FCE007E3A62 /* ArtistListViewModel.swift */ = {isa = PBXFileReference; lastKnownFileType = sourcecode.swift; path = ArtistListViewModel.swift; sourceTree = "<group>"; };
		EEB4E5DF29C195A9007E3A62 /* Song.swift */ = {isa = PBXFileReference; lastKnownFileType = sourcecode.swift; path = Song.swift; sourceTree = "<group>"; };
		EEB4E5E129C195DC007E3A62 /* Album.swift */ = {isa = PBXFileReference; lastKnownFileType = sourcecode.swift; path = Album.swift; sourceTree = "<group>"; };
		EEB4E5E329C195F9007E3A62 /* Artist.swift */ = {isa = PBXFileReference; lastKnownFileType = sourcecode.swift; path = Artist.swift; sourceTree = "<group>"; };
		EEB4E5E529C19692007E3A62 /* ArtistLookup.swift */ = {isa = PBXFileReference; lastKnownFileType = sourcecode.swift; path = ArtistLookup.swift; sourceTree = "<group>"; };
		EEB4E5E729C196B1007E3A62 /* AlbumLookup.swift */ = {isa = PBXFileReference; lastKnownFileType = sourcecode.swift; path = AlbumLookup.swift; sourceTree = "<group>"; };
		EEB4E5EA29C1BBA0007E3A62 /* SongCell.swift */ = {isa = PBXFileReference; lastKnownFileType = sourcecode.swift; path = SongCell.swift; sourceTree = "<group>"; };
		EEB4E5EF29C1EA76007E3A62 /* zh-Hant */ = {isa = PBXFileReference; lastKnownFileType = text.plist.strings; name = "zh-Hant"; path = "zh-Hant.lproj/LaunchScreen.strings"; sourceTree = "<group>"; };
/* End PBXFileReference section */

/* Begin PBXFrameworksBuildPhase section */
		EEB4E59829C06A63007E3A62 /* Frameworks */ = {
			isa = PBXFrameworksBuildPhase;
			buildActionMask = 2147483647;
			files = (
				C3479E51766114FA32197C09 /* Pods_iTunes_Search_Application_UIKit.framework in Frameworks */,
			);
			runOnlyForDeploymentPostprocessing = 0;
		};
/* End PBXFrameworksBuildPhase section */

/* Begin PBXGroup section */
		68EE00027A9E8BB901E6D847 /* Frameworks */ = {
			isa = PBXGroup;
			children = (
				B8428213D35DE062E94A5DBE /* Pods_iTunes_Search_Application_UIKit.framework */,
			);
			name = Frameworks;
			sourceTree = "<group>";
		};
		6D88A1DA1EF2B253A485A424 /* Pods */ = {
			isa = PBXGroup;
			children = (
				0EFBEE7708B739020BCB8135 /* Pods-iTunes_Search_Application_UIKit.debug.xcconfig */,
				21F3CE0ABC88AD2DD66DAB6D /* Pods-iTunes_Search_Application_UIKit.release.xcconfig */,
			);
			path = Pods;
			sourceTree = "<group>";
		};
		EEB4E59229C06A63007E3A62 = {
			isa = PBXGroup;
			children = (
				EEB4E59D29C06A63007E3A62 /* iTunes_Search_Application_UIKit */,
				EEB4E59C29C06A63007E3A62 /* Products */,
				6D88A1DA1EF2B253A485A424 /* Pods */,
				68EE00027A9E8BB901E6D847 /* Frameworks */,
			);
			sourceTree = "<group>";
		};
		EEB4E59C29C06A63007E3A62 /* Products */ = {
			isa = PBXGroup;
			children = (
				EEB4E59B29C06A63007E3A62 /* iTunes_Search_Application_UIKit.app */,
			);
			name = Products;
			sourceTree = "<group>";
		};
		EEB4E59D29C06A63007E3A62 /* iTunes_Search_Application_UIKit */ = {
			isa = PBXGroup;
			children = (
				EEB4E5DE29C19596007E3A62 /* Model */,
				EEB4E5D929C16F9E007E3A62 /* ViewModel */,
				EEB4E5B229C0C1BD007E3A62 /* ViewController */,
				EEB4E5E929C1BB71007E3A62 /* Cells */,
				EEB4E59E29C06A63007E3A62 /* AppDelegate.swift */,
				EEB4E5A029C06A63007E3A62 /* SceneDelegate.swift */,
				EEB4E5A729C06A64007E3A62 /* Assets.xcassets */,
				EEB4E5A929C06A64007E3A62 /* LaunchScreen.storyboard */,
				EEB4E5AC29C06A64007E3A62 /* Info.plist */,
			);
			path = iTunes_Search_Application_UIKit;
			sourceTree = "<group>";
		};
		EEB4E5B229C0C1BD007E3A62 /* ViewController */ = {
			isa = PBXGroup;
			children = (
				EEB4E5A229C06A63007E3A62 /* SearchViewController.swift */,
			);
			path = ViewController;
			sourceTree = "<group>";
		};
		EEB4E5D929C16F9E007E3A62 /* ViewModel */ = {
			isa = PBXGroup;
			children = (
				EEB4E5D729C16F9A007E3A62 /* SongListViewModel.swift */,
				EEB4E5DA29C16FC3007E3A62 /* AlbumListViewModel.swift */,
				EEB4E5DC29C16FCE007E3A62 /* ArtistListViewModel.swift */,
			);
			path = ViewModel;
			sourceTree = "<group>";
		};
		EEB4E5DE29C19596007E3A62 /* Model */ = {
			isa = PBXGroup;
			children = (
				EEB4E5DF29C195A9007E3A62 /* Song.swift */,
				EEB4E5E129C195DC007E3A62 /* Album.swift */,
				EEB4E5E329C195F9007E3A62 /* Artist.swift */,
				EEB4E5E729C196B1007E3A62 /* AlbumLookup.swift */,
				EEB4E5E529C19692007E3A62 /* ArtistLookup.swift */,
			);
			path = Model;
			sourceTree = "<group>";
		};
		EEB4E5E929C1BB71007E3A62 /* Cells */ = {
			isa = PBXGroup;
			children = (
				EEB4E5EA29C1BBA0007E3A62 /* SongCell.swift */,
				EE85E9A329C1FE2D004D309B /* AlbumCell.swift */,
				EE85E9A529C204D4004D309B /* ArtistCell.swift */,
			);
			path = Cells;
			sourceTree = "<group>";
		};
/* End PBXGroup section */

/* Begin PBXNativeTarget section */
		EEB4E59A29C06A63007E3A62 /* iTunes_Search_Application_UIKit */ = {
			isa = PBXNativeTarget;
			buildConfigurationList = EEB4E5AF29C06A64007E3A62 /* Build configuration list for PBXNativeTarget "iTunes_Search_Application_UIKit" */;
			buildPhases = (
				587E7D513AAA4093C26C2C39 /* [CP] Check Pods Manifest.lock */,
				EEB4E59729C06A63007E3A62 /* Sources */,
				EEB4E59829C06A63007E3A62 /* Frameworks */,
				EEB4E59929C06A63007E3A62 /* Resources */,
				544EF3480C7437968D953529 /* [CP] Embed Pods Frameworks */,
			);
			buildRules = (
			);
			dependencies = (
			);
			name = iTunes_Search_Application_UIKit;
			productName = iTunes_Search_Application_UIKit;
			productReference = EEB4E59B29C06A63007E3A62 /* iTunes_Search_Application_UIKit.app */;
			productType = "com.apple.product-type.application";
		};
/* End PBXNativeTarget section */

/* Begin PBXProject section */
		EEB4E59329C06A63007E3A62 /* Project object */ = {
			isa = PBXProject;
			attributes = {
				BuildIndependentTargetsInParallel = 1;
				LastSwiftUpdateCheck = 1420;
				LastUpgradeCheck = 1420;
				TargetAttributes = {
					EEB4E59A29C06A63007E3A62 = {
						CreatedOnToolsVersion = 14.2;
					};
				};
			};
			buildConfigurationList = EEB4E59629C06A63007E3A62 /* Build configuration list for PBXProject "iTunes_Search_Application_UIKit" */;
			compatibilityVersion = "Xcode 14.0";
			developmentRegion = en;
			hasScannedForEncodings = 0;
			knownRegions = (
				en,
				Base,
				"zh-Hant",
			);
			mainGroup = EEB4E59229C06A63007E3A62;
			productRefGroup = EEB4E59C29C06A63007E3A62 /* Products */;
			projectDirPath = "";
			projectRoot = "";
			targets = (
				EEB4E59A29C06A63007E3A62 /* iTunes_Search_Application_UIKit */,
			);
		};
/* End PBXProject section */

/* Begin PBXResourcesBuildPhase section */
		EEB4E59929C06A63007E3A62 /* Resources */ = {
			isa = PBXResourcesBuildPhase;
			buildActionMask = 2147483647;
			files = (
				EEB4E5AB29C06A64007E3A62 /* LaunchScreen.storyboard in Resources */,
				EEB4E5A829C06A64007E3A62 /* Assets.xcassets in Resources */,
			);
			runOnlyForDeploymentPostprocessing = 0;
		};
/* End PBXResourcesBuildPhase section */

/* Begin PBXShellScriptBuildPhase section */
		544EF3480C7437968D953529 /* [CP] Embed Pods Frameworks */ = {
			isa = PBXShellScriptBuildPhase;
			buildActionMask = 2147483647;
			files = (
			);
			inputFileListPaths = (
				"${PODS_ROOT}/Target Support Files/Pods-iTunes_Search_Application_UIKit/Pods-iTunes_Search_Application_UIKit-frameworks-${CONFIGURATION}-input-files.xcfilelist",
			);
			name = "[CP] Embed Pods Frameworks";
			outputFileListPaths = (
				"${PODS_ROOT}/Target Support Files/Pods-iTunes_Search_Application_UIKit/Pods-iTunes_Search_Application_UIKit-frameworks-${CONFIGURATION}-output-files.xcfilelist",
			);
			runOnlyForDeploymentPostprocessing = 0;
			shellPath = /bin/sh;
			shellScript = "\"${PODS_ROOT}/Target Support Files/Pods-iTunes_Search_Application_UIKit/Pods-iTunes_Search_Application_UIKit-frameworks.sh\"\n";
			showEnvVarsInLog = 0;
		};
		587E7D513AAA4093C26C2C39 /* [CP] Check Pods Manifest.lock */ = {
			isa = PBXShellScriptBuildPhase;
			buildActionMask = 2147483647;
			files = (
			);
			inputFileListPaths = (
			);
			inputPaths = (
				"${PODS_PODFILE_DIR_PATH}/Podfile.lock",
				"${PODS_ROOT}/Manifest.lock",
			);
			name = "[CP] Check Pods Manifest.lock";
			outputFileListPaths = (
			);
			outputPaths = (
				"$(DERIVED_FILE_DIR)/Pods-iTunes_Search_Application_UIKit-checkManifestLockResult.txt",
			);
			runOnlyForDeploymentPostprocessing = 0;
			shellPath = /bin/sh;
			shellScript = "diff \"${PODS_PODFILE_DIR_PATH}/Podfile.lock\" \"${PODS_ROOT}/Manifest.lock\" > /dev/null\nif [ $? != 0 ] ; then\n    # print error to STDERR\n    echo \"error: The sandbox is not in sync with the Podfile.lock. Run 'pod install' or update your CocoaPods installation.\" >&2\n    exit 1\nfi\n# This output is used by Xcode 'outputs' to avoid re-running this script phase.\necho \"SUCCESS\" > \"${SCRIPT_OUTPUT_FILE_0}\"\n";
			showEnvVarsInLog = 0;
		};
/* End PBXShellScriptBuildPhase section */

/* Begin PBXSourcesBuildPhase section */
		EEB4E59729C06A63007E3A62 /* Sources */ = {
			isa = PBXSourcesBuildPhase;
			buildActionMask = 2147483647;
			files = (
				EEB4E5E029C195A9007E3A62 /* Song.swift in Sources */,
				EE85E9A429C1FE2D004D309B /* AlbumCell.swift in Sources */,
				EE85E9A629C204D4004D309B /* ArtistCell.swift in Sources */,
				EEB4E5A329C06A63007E3A62 /* SearchViewController.swift in Sources */,
				EEB4E5E629C19692007E3A62 /* ArtistLookup.swift in Sources */,
				EEB4E5D829C16F9A007E3A62 /* SongListViewModel.swift in Sources */,
				EEB4E5EB29C1BBA0007E3A62 /* SongCell.swift in Sources */,
				EEB4E5E429C195F9007E3A62 /* Artist.swift in Sources */,
				EEB4E59F29C06A63007E3A62 /* AppDelegate.swift in Sources */,
				EEB4E5DD29C16FCE007E3A62 /* ArtistListViewModel.swift in Sources */,
				EEB4E5A129C06A63007E3A62 /* SceneDelegate.swift in Sources */,
				EEB4E5DB29C16FC3007E3A62 /* AlbumListViewModel.swift in Sources */,
				EEB4E5E829C196B1007E3A62 /* AlbumLookup.swift in Sources */,
				EEB4E5E229C195DC007E3A62 /* Album.swift in Sources */,
			);
			runOnlyForDeploymentPostprocessing = 0;
		};
/* End PBXSourcesBuildPhase section */

/* Begin PBXVariantGroup section */
		EEB4E5A929C06A64007E3A62 /* LaunchScreen.storyboard */ = {
			isa = PBXVariantGroup;
			children = (
				EEB4E5AA29C06A64007E3A62 /* Base */,
				EEB4E5EF29C1EA76007E3A62 /* zh-Hant */,
			);
			name = LaunchScreen.storyboard;
			sourceTree = "<group>";
		};
/* End PBXVariantGroup section */

/* Begin XCBuildConfiguration section */
		EEB4E5AD29C06A64007E3A62 /* Debug */ = {
			isa = XCBuildConfiguration;
			buildSettings = {
				ALWAYS_SEARCH_USER_PATHS = NO;
				CLANG_ANALYZER_LOCALIZABILITY_NONLOCALIZED = YES;
				CLANG_ANALYZER_NONNULL = YES;
				CLANG_ANALYZER_NUMBER_OBJECT_CONVERSION = YES_AGGRESSIVE;
				CLANG_CXX_LANGUAGE_STANDARD = "gnu++20";
				CLANG_ENABLE_MODULES = YES;
				CLANG_ENABLE_OBJC_ARC = YES;
				CLANG_ENABLE_OBJC_WEAK = YES;
				CLANG_WARN_BLOCK_CAPTURE_AUTORELEASING = YES;
				CLANG_WARN_BOOL_CONVERSION = YES;
				CLANG_WARN_COMMA = YES;
				CLANG_WARN_CONSTANT_CONVERSION = YES;
				CLANG_WARN_DEPRECATED_OBJC_IMPLEMENTATIONS = YES;
				CLANG_WARN_DIRECT_OBJC_ISA_USAGE = YES_ERROR;
				CLANG_WARN_DOCUMENTATION_COMMENTS = YES;
				CLANG_WARN_EMPTY_BODY = YES;
				CLANG_WARN_ENUM_CONVERSION = YES;
				CLANG_WARN_INFINITE_RECURSION = YES;
				CLANG_WARN_INT_CONVERSION = YES;
				CLANG_WARN_NON_LITERAL_NULL_CONVERSION = YES;
				CLANG_WARN_OBJC_IMPLICIT_RETAIN_SELF = YES;
				CLANG_WARN_OBJC_LITERAL_CONVERSION = YES;
				CLANG_WARN_OBJC_ROOT_CLASS = YES_ERROR;
				CLANG_WARN_QUOTED_INCLUDE_IN_FRAMEWORK_HEADER = YES;
				CLANG_WARN_RANGE_LOOP_ANALYSIS = YES;
				CLANG_WARN_STRICT_PROTOTYPES = YES;
				CLANG_WARN_SUSPICIOUS_MOVE = YES;
				CLANG_WARN_UNGUARDED_AVAILABILITY = YES_AGGRESSIVE;
				CLANG_WARN_UNREACHABLE_CODE = YES;
				CLANG_WARN__DUPLICATE_METHOD_MATCH = YES;
				COPY_PHASE_STRIP = NO;
				DEBUG_INFORMATION_FORMAT = dwarf;
				ENABLE_STRICT_OBJC_MSGSEND = YES;
				ENABLE_TESTABILITY = YES;
				GCC_C_LANGUAGE_STANDARD = gnu11;
				GCC_DYNAMIC_NO_PIC = NO;
				GCC_NO_COMMON_BLOCKS = YES;
				GCC_OPTIMIZATION_LEVEL = 0;
				GCC_PREPROCESSOR_DEFINITIONS = (
					"DEBUG=1",
					"$(inherited)",
				);
				GCC_WARN_64_TO_32_BIT_CONVERSION = YES;
				GCC_WARN_ABOUT_RETURN_TYPE = YES_ERROR;
				GCC_WARN_UNDECLARED_SELECTOR = YES;
				GCC_WARN_UNINITIALIZED_AUTOS = YES_AGGRESSIVE;
				GCC_WARN_UNUSED_FUNCTION = YES;
				GCC_WARN_UNUSED_VARIABLE = YES;
				IPHONEOS_DEPLOYMENT_TARGET = 16.2;
				MTL_ENABLE_DEBUG_INFO = INCLUDE_SOURCE;
				MTL_FAST_MATH = YES;
				ONLY_ACTIVE_ARCH = YES;
				SDKROOT = iphoneos;
				SWIFT_ACTIVE_COMPILATION_CONDITIONS = DEBUG;
				SWIFT_OPTIMIZATION_LEVEL = "-Onone";
			};
			name = Debug;
		};
		EEB4E5AE29C06A64007E3A62 /* Release */ = {
			isa = XCBuildConfiguration;
			buildSettings = {
				ALWAYS_SEARCH_USER_PATHS = NO;
				CLANG_ANALYZER_LOCALIZABILITY_NONLOCALIZED = YES;
				CLANG_ANALYZER_NONNULL = YES;
				CLANG_ANALYZER_NUMBER_OBJECT_CONVERSION = YES_AGGRESSIVE;
				CLANG_CXX_LANGUAGE_STANDARD = "gnu++20";
				CLANG_ENABLE_MODULES = YES;
				CLANG_ENABLE_OBJC_ARC = YES;
				CLANG_ENABLE_OBJC_WEAK = YES;
				CLANG_WARN_BLOCK_CAPTURE_AUTORELEASING = YES;
				CLANG_WARN_BOOL_CONVERSION = YES;
				CLANG_WARN_COMMA = YES;
				CLANG_WARN_CONSTANT_CONVERSION = YES;
				CLANG_WARN_DEPRECATED_OBJC_IMPLEMENTATIONS = YES;
				CLANG_WARN_DIRECT_OBJC_ISA_USAGE = YES_ERROR;
				CLANG_WARN_DOCUMENTATION_COMMENTS = YES;
				CLANG_WARN_EMPTY_BODY = YES;
				CLANG_WARN_ENUM_CONVERSION = YES;
				CLANG_WARN_INFINITE_RECURSION = YES;
				CLANG_WARN_INT_CONVERSION = YES;
				CLANG_WARN_NON_LITERAL_NULL_CONVERSION = YES;
				CLANG_WARN_OBJC_IMPLICIT_RETAIN_SELF = YES;
				CLANG_WARN_OBJC_LITERAL_CONVERSION = YES;
				CLANG_WARN_OBJC_ROOT_CLASS = YES_ERROR;
				CLANG_WARN_QUOTED_INCLUDE_IN_FRAMEWORK_HEADER = YES;
				CLANG_WARN_RANGE_LOOP_ANALYSIS = YES;
				CLANG_WARN_STRICT_PROTOTYPES = YES;
				CLANG_WARN_SUSPICIOUS_MOVE = YES;
				CLANG_WARN_UNGUARDED_AVAILABILITY = YES_AGGRESSIVE;
				CLANG_WARN_UNREACHABLE_CODE = YES;
				CLANG_WARN__DUPLICATE_METHOD_MATCH = YES;
				COPY_PHASE_STRIP = NO;
				DEBUG_INFORMATION_FORMAT = "dwarf-with-dsym";
				ENABLE_NS_ASSERTIONS = NO;
				ENABLE_STRICT_OBJC_MSGSEND = YES;
				GCC_C_LANGUAGE_STANDARD = gnu11;
				GCC_NO_COMMON_BLOCKS = YES;
				GCC_WARN_64_TO_32_BIT_CONVERSION = YES;
				GCC_WARN_ABOUT_RETURN_TYPE = YES_ERROR;
				GCC_WARN_UNDECLARED_SELECTOR = YES;
				GCC_WARN_UNINITIALIZED_AUTOS = YES_AGGRESSIVE;
				GCC_WARN_UNUSED_FUNCTION = YES;
				GCC_WARN_UNUSED_VARIABLE = YES;
				IPHONEOS_DEPLOYMENT_TARGET = 16.2;
				MTL_ENABLE_DEBUG_INFO = NO;
				MTL_FAST_MATH = YES;
				SDKROOT = iphoneos;
				SWIFT_COMPILATION_MODE = wholemodule;
				SWIFT_OPTIMIZATION_LEVEL = "-O";
				VALIDATE_PRODUCT = YES;
			};
			name = Release;
		};
		EEB4E5B029C06A64007E3A62 /* Debug */ = {
			isa = XCBuildConfiguration;
			baseConfigurationReference = 0EFBEE7708B739020BCB8135 /* Pods-iTunes_Search_Application_UIKit.debug.xcconfig */;
			buildSettings = {
				ASSETCATALOG_COMPILER_APPICON_NAME = AppIcon;
				ASSETCATALOG_COMPILER_GLOBAL_ACCENT_COLOR_NAME = AccentColor;
				CODE_SIGN_STYLE = Automatic;
				CURRENT_PROJECT_VERSION = 1;
				DEVELOPMENT_TEAM = P56QEL6RHH;
				GENERATE_INFOPLIST_FILE = YES;
				INFOPLIST_FILE = iTunes_Search_Application_UIKit/Info.plist;
				INFOPLIST_KEY_UIApplicationSupportsIndirectInputEvents = YES;
				INFOPLIST_KEY_UILaunchStoryboardName = LaunchScreen;
				INFOPLIST_KEY_UISupportedInterfaceOrientations_iPad = "UIInterfaceOrientationPortrait UIInterfaceOrientationPortraitUpsideDown UIInterfaceOrientationLandscapeLeft UIInterfaceOrientationLandscapeRight";
				INFOPLIST_KEY_UISupportedInterfaceOrientations_iPhone = "UIInterfaceOrientationPortrait UIInterfaceOrientationLandscapeLeft UIInterfaceOrientationLandscapeRight";
				IPHONEOS_DEPLOYMENT_TARGET = 13.0;
				LD_RUNPATH_SEARCH_PATHS = (
					"$(inherited)",
					"@executable_path/Frameworks",
				);
				MARKETING_VERSION = 1.0;
				PRODUCT_BUNDLE_IDENTIFIER = "tw.0u0.iTunes-Search-Application-UIKit";
				PRODUCT_NAME = "$(TARGET_NAME)";
				SWIFT_EMIT_LOC_STRINGS = YES;
				SWIFT_VERSION = 5.0;
				TARGETED_DEVICE_FAMILY = "1,2";
			};
			name = Debug;
		};
		EEB4E5B129C06A64007E3A62 /* Release */ = {
			isa = XCBuildConfiguration;
			baseConfigurationReference = 21F3CE0ABC88AD2DD66DAB6D /* Pods-iTunes_Search_Application_UIKit.release.xcconfig */;
			buildSettings = {
				ASSETCATALOG_COMPILER_APPICON_NAME = AppIcon;
				ASSETCATALOG_COMPILER_GLOBAL_ACCENT_COLOR_NAME = AccentColor;
				CODE_SIGN_STYLE = Automatic;
				CURRENT_PROJECT_VERSION = 1;
				DEVELOPMENT_TEAM = P56QEL6RHH;
				GENERATE_INFOPLIST_FILE = YES;
				INFOPLIST_FILE = iTunes_Search_Application_UIKit/Info.plist;
				INFOPLIST_KEY_UIApplicationSupportsIndirectInputEvents = YES;
				INFOPLIST_KEY_UILaunchStoryboardName = LaunchScreen;
				INFOPLIST_KEY_UISupportedInterfaceOrientations_iPad = "UIInterfaceOrientationPortrait UIInterfaceOrientationPortraitUpsideDown UIInterfaceOrientationLandscapeLeft UIInterfaceOrientationLandscapeRight";
				INFOPLIST_KEY_UISupportedInterfaceOrientations_iPhone = "UIInterfaceOrientationPortrait UIInterfaceOrientationLandscapeLeft UIInterfaceOrientationLandscapeRight";
				IPHONEOS_DEPLOYMENT_TARGET = 13.0;
				LD_RUNPATH_SEARCH_PATHS = (
					"$(inherited)",
					"@executable_path/Frameworks",
				);
				MARKETING_VERSION = 1.0;
				PRODUCT_BUNDLE_IDENTIFIER = "tw.0u0.iTunes-Search-Application-UIKit";
				PRODUCT_NAME = "$(TARGET_NAME)";
				SWIFT_EMIT_LOC_STRINGS = YES;
				SWIFT_VERSION = 5.0;
				TARGETED_DEVICE_FAMILY = "1,2";
			};
			name = Release;
		};
/* End XCBuildConfiguration section */

/* Begin XCConfigurationList section */
		EEB4E59629C06A63007E3A62 /* Build configuration list for PBXProject "iTunes_Search_Application_UIKit" */ = {
			isa = XCConfigurationList;
			buildConfigurations = (
				EEB4E5AD29C06A64007E3A62 /* Debug */,
				EEB4E5AE29C06A64007E3A62 /* Release */,
			);
			defaultConfigurationIsVisible = 0;
			defaultConfigurationName = Release;
		};
		EEB4E5AF29C06A64007E3A62 /* Build configuration list for PBXNativeTarget "iTunes_Search_Application_UIKit" */ = {
			isa = XCConfigurationList;
			buildConfigurations = (
				EEB4E5B029C06A64007E3A62 /* Debug */,
				EEB4E5B129C06A64007E3A62 /* Release */,
			);
			defaultConfigurationIsVisible = 0;
			defaultConfigurationName = Release;
		};
/* End XCConfigurationList section */
	};
	rootObject = EEB4E59329C06A63007E3A62 /* Project object */;
}
